
Microsoft Visual Studio Solution File, Format Version 12.00
# Visual Studio 15
VisualStudioVersion = 15.0.27004.2005
MinimumVisualStudioVersion = 10.0.40219.1
Project("{2150E333-8FDC-42A3-9474-1A3956D46DE8}") = "Solution Items", "Solution Items", "{874ECEBF-6B61-43B6-9758-31D7F5C476E0}"
	ProjectSection(SolutionItems) = preProject
		License.txt = License.txt
		Readme.md = Readme.md
		ReleaseNotes.md = ReleaseNotes.md
	EndProjectSection
EndProject
Project("{2150E333-8FDC-42A3-9474-1A3956D46DE8}") = "doc", "doc", "{6BE88110-6797-4C3B-8910-3E47DA86F3F7}"
	ProjectSection(SolutionItems) = preProject
		doc\Assertions.md = doc\Assertions.md
		doc\CustomAssertions.md = doc\CustomAssertions.md
		doc\Readme.md = doc\Readme.md
	EndProjectSection
EndProject
Project("{9A19103F-16F7-4668-BE54-9A1E7A4F7556}") = "EasyAssertions", "EasyAssertions\EasyAssertions.csproj", "{2FA5B9E3-748D-44D5-98EC-18CE4CA71AEB}"
EndProject
Project("{FAE04EC0-301F-11D3-BF4B-00C04F79EFBC}") = "UnitTests", "UnitTests\UnitTests.csproj", "{F57C3A17-5FB3-41A6-8E78-410FA110ABCF}"
EndProject
Global
	GlobalSection(SolutionConfigurationPlatforms) = preSolution
		Debug|Any CPU = Debug|Any CPU
		Release|Any CPU = Release|Any CPU
	EndGlobalSection
	GlobalSection(ProjectConfigurationPlatforms) = postSolution
		{2FA5B9E3-748D-44D5-98EC-18CE4CA71AEB}.Debug|Any CPU.ActiveCfg = Debug|Any CPU
		{2FA5B9E3-748D-44D5-98EC-18CE4CA71AEB}.Debug|Any CPU.Build.0 = Debug|Any CPU
		{2FA5B9E3-748D-44D5-98EC-18CE4CA71AEB}.Release|Any CPU.ActiveCfg = Release|Any CPU
		{2FA5B9E3-748D-44D5-98EC-18CE4CA71AEB}.Release|Any CPU.Build.0 = Release|Any CPU
		{F57C3A17-5FB3-41A6-8E78-410FA110ABCF}.Debug|Any CPU.ActiveCfg = Debug|Any CPU
		{F57C3A17-5FB3-41A6-8E78-410FA110ABCF}.Debug|Any CPU.Build.0 = Debug|Any CPU
		{F57C3A17-5FB3-41A6-8E78-410FA110ABCF}.Release|Any CPU.ActiveCfg = Release|Any CPU
		{F57C3A17-5FB3-41A6-8E78-410FA110ABCF}.Release|Any CPU.Build.0 = Release|Any CPU
	EndGlobalSection
	GlobalSection(SolutionProperties) = preSolution
		HideSolutionNode = FALSE
	EndGlobalSection
	GlobalSection(ExtensibilityGlobals) = postSolution
		SolutionGuid = {5B9CC5B9-BC1F-40A0-9EB1-A1DE96C88578}
	EndGlobalSection
EndGlobal
